
Microsoft Visual Studio Solution File, Format Version 12.00
# Visual Studio Version 17
VisualStudioVersion = 17.8.34330.188
MinimumVisualStudioVersion = 10.0.40219.1
Project("{FAE04EC0-301F-11D3-BF4B-00C04F79EFBC}") = "FixImages", "FixImages\FixImages.csproj", "{2DD9C3F6-EA9D-4A9E-84C3-00E8E6D2CF65}"
EndProject
Global
	GlobalSection(SolutionConfigurationPlatforms) = preSolution
		Debug|Any CPU = Debug|Any CPU
		Release|Any CPU = Release|Any CPU
	EndGlobalSection
	GlobalSection(ProjectConfigurationPlatforms) = postSolution
		{2DD9C3F6-EA9D-4A9E-84C3-00E8E6D2CF65}.Debug|Any CPU.ActiveCfg = Debug|Any CPU
		{2DD9C3F6-EA9D-4A9E-84C3-00E8E6D2CF65}.Debug|Any CPU.Build.0 = Debug|Any CPU
		{2DD9C3F6-EA9D-4A9E-84C3-00E8E6D2CF65}.Release|Any CPU.ActiveCfg = Release|Any CPU
		{2DD9C3F6-EA9D-4A9E-84C3-00E8E6D2CF65}.Release|Any CPU.Build.0 = Release|Any CPU
	EndGlobalSection
	GlobalSection(SolutionProperties) = preSolution
		HideSolutionNode = FALSE
	EndGlobalSection
	GlobalSection(ExtensibilityGlobals) = postSolution
		SolutionGuid = {C7BCAC9C-14AA-4C9D-ACB4-E7599F0BE8B5}
	EndGlobalSection
EndGlobal
